
Microsoft Visual Studio Solution File, Format Version 12.00
# Visual Studio 15
VisualStudioVersion = 15.0.27703.2000
MinimumVisualStudioVersion = 10.0.40219.1
Project("{9A19103F-16F7-4668-BE54-9A1E7A4F7556}") = "BootStrapWebApp", "BootStrapWebApp\BootStrapWebApp.csproj", "{67353058-AA5D-4640-9CA2-4CF83D377682}"
EndProject
Global
	GlobalSection(SolutionConfigurationPlatforms) = preSolution
		Debug|Any CPU = Debug|Any CPU
		Release|Any CPU = Release|Any CPU
	EndGlobalSection
	GlobalSection(ProjectConfigurationPlatforms) = postSolution
		{67353058-AA5D-4640-9CA2-4CF83D377682}.Debug|Any CPU.ActiveCfg = Debug|Any CPU
		{67353058-AA5D-4640-9CA2-4CF83D377682}.Debug|Any CPU.Build.0 = Debug|Any CPU
		{67353058-AA5D-4640-9CA2-4CF83D377682}.Release|Any CPU.ActiveCfg = Release|Any CPU
		{67353058-AA5D-4640-9CA2-4CF83D377682}.Release|Any CPU.Build.0 = Release|Any CPU
	EndGlobalSection
	GlobalSection(SolutionProperties) = preSolution
		HideSolutionNode = FALSE
	EndGlobalSection
	GlobalSection(ExtensibilityGlobals) = postSolution
		SolutionGuid = {7838FBD2-52AF-47A0-9DED-F4DA52910AF9}
	EndGlobalSection
EndGlobal
